{
  "name": "simplechat",
  "version": "1.0.0",
  "lockfileVersion": 1,
  "requires": true,
  "dependencies": {
    "@types/redux": {
      "version": "3.6.0",
      "resolved": "https://registry.npmjs.org/@types/redux/-/redux-3.6.0.tgz",
      "integrity": "sha1-8evh5UEVGAcuT9/KXHbhbnTBOZo=",
      "dev": true,
      "requires": {
        "redux": "3.7.2"
      }
    },
    "@types/redux-actions": {
      "version": "2.2.3",
      "resolved": "https://registry.npmjs.org/@types/redux-actions/-/redux-actions-2.2.3.tgz",
      "integrity": "sha512-QcC2GL4QOm0O4fDBfF7sAqYJv7M7bnckLth1LeHDGo34GhTzVNqcXM3i1kbMEwSWj6QqyeBhf4M8gZmLFm8wNw==",
      "dev": true
    },
    "async": {
      "version": "2.6.0",
      "resolved": "https://registry.npmjs.org/async/-/async-2.6.0.tgz",
      "integrity": "sha512-xAfGg1/NTLBBKlHFmnd7PlmUW9KhVQIUuSrYem9xzFUZy13ScvtyGGejaae9iAVRiRq9+Cx7DPFaAAhCpyxyPw==",
      "requires": {
        "lodash": "4.17.4"
      }
    },
    "crypto-js": {
      "version": "3.1.9-1",
      "resolved": "https://registry.npmjs.org/crypto-js/-/crypto-js-3.1.9-1.tgz",
      "integrity": "sha1-/aGedh/Ad+Af+/3G6f38WeiAbNg="
    },
    "events": {
      "version": "1.1.1",
      "resolved": "https://registry.npmjs.org/events/-/events-1.1.1.tgz",
      "integrity": "sha1-nr23Y1rQmccNzEwqH1AEKI6L2SQ="
    },
    "immutable": {
      "version": "3.8.2",
      "resolved": "https://registry.npmjs.org/immutable/-/immutable-3.8.2.tgz",
      "integrity": "sha1-wkOZUUVbs5kT2vKBN28VMOEErfM="
    },
    "invariant": {
      "version": "2.2.2",
      "resolved": "https://registry.npmjs.org/invariant/-/invariant-2.2.2.tgz",
      "integrity": "sha1-nh9WrArNtr8wMwbzOL47IErmA2A=",
      "requires": {
        "loose-envify": "1.3.1"
      }
    },
    "js-tokens": {
      "version": "3.0.2",
      "resolved": "https://registry.npmjs.org/js-tokens/-/js-tokens-3.0.2.tgz",
      "integrity": "sha1-mGbfOVECEw449/mWvOtlRDIJwls="
    },
    "lodash": {
      "version": "4.17.4",
      "resolved": "https://registry.npmjs.org/lodash/-/lodash-4.17.4.tgz",
      "integrity": "sha1-eCA6TRwyiuHYbcpkYONptX9AVa4="
    },
    "lodash-es": {
      "version": "4.17.4",
      "resolved": "https://registry.npmjs.org/lodash-es/-/lodash-es-4.17.4.tgz",
      "integrity": "sha1-3MHXVS4VCgZABzupyzHXDwMpUOc="
    },
    "loose-envify": {
      "version": "1.3.1",
      "resolved": "https://registry.npmjs.org/loose-envify/-/loose-envify-1.3.1.tgz",
      "integrity": "sha1-0aitM/qc4OcT1l/dCsi3SNR4yEg=",
      "requires": {
        "js-tokens": "3.0.2"
      }
    },
    "options": {
      "version": "0.0.6",
      "resolved": "https://registry.npmjs.org/options/-/options-0.0.6.tgz",
      "integrity": "sha1-7CLTEoBrtT5zF3Pnza788cZDEo8="
    },
    "pomelo-protobuf": {
      "version": "0.4.0",
      "resolved": "https://registry.npmjs.org/pomelo-protobuf/-/pomelo-protobuf-0.4.0.tgz",
      "integrity": "sha1-5F6aCkRusYZn4MbhPutT1Hrdvag="
    },
    "pomelo-protocol": {
      "version": "0.1.6",
      "resolved": "https://registry.npmjs.org/pomelo-protocol/-/pomelo-protocol-0.1.6.tgz",
      "integrity": "sha1-0+DLU5JZY1wodTh3hSoNN9udMTs="
    },
    "reduce-reducers": {
      "version": "0.1.2",
      "resolved": "https://registry.npmjs.org/reduce-reducers/-/reduce-reducers-0.1.2.tgz",
      "integrity": "sha1-+htHGLxSkqcd3R5dg5yb6pdw8Us="
    },
    "redux": {
      "version": "3.7.2",
      "resolved": "https://registry.npmjs.org/redux/-/redux-3.7.2.tgz",
      "integrity": "sha512-pNqnf9q1hI5HHZRBkj3bAngGZW/JMCmexDlOxw4XagXY2o1327nHH54LoTjiPJ0gizoqPDRqWyX/00g0hD6w+A==",
      "requires": {
        "lodash": "4.17.4",
        "lodash-es": "4.17.4",
        "loose-envify": "1.3.1",
        "symbol-observable": "1.1.0"
      },
      "dependencies": {
        "symbol-observable": {
          "version": "1.1.0",
          "resolved": "https://registry.npmjs.org/symbol-observable/-/symbol-observable-1.1.0.tgz",
          "integrity": "sha512-dQoid9tqQ+uotGhuTKEY11X4xhyYePVnqGSoSm3OGKh2E8LZ6RPULp1uXTctk33IeERlrRJYoVSBglsL05F5Uw=="
        }
      }
    },
    "redux-actions": {
      "version": "2.2.1",
      "resolved": "https://registry.npmjs.org/redux-actions/-/redux-actions-2.2.1.tgz",
      "integrity": "sha1-1kGGslZJoTwFR4VH1811N7iSQQ0=",
      "requires": {
        "invariant": "2.2.2",
        "lodash": "4.17.4",
        "lodash-es": "4.17.4",
        "reduce-reducers": "0.1.2"
      }
    },
    "rxjs": {
      "version": "5.5.6",
      "resolved": "https://registry.npmjs.org/rxjs/-/rxjs-5.5.6.tgz",
      "integrity": "sha512-v4Q5HDC0FHAQ7zcBX7T2IL6O5ltl1a2GX4ENjPXg6SjDY69Cmx9v4113C99a4wGF16ClPv5Z8mghuYorVkg/kg==",
      "requires": {
        "symbol-observable": "1.0.1"
      }
    },
    "rxjs-es": {
      "version": "5.0.0-beta.12",
      "resolved": "https://registry.npmjs.org/rxjs-es/-/rxjs-es-5.0.0-beta.12.tgz",
      "integrity": "sha1-zxYbFz9Qhv7sETuCxNlRh7LxHEM=",
      "requires": {
        "symbol-observable": "1.0.1"
      }
    },
    "stalk-js": {
      "version": "git+https://github.com/mzget/s-talk-js-client.git#37f2a4ed11bee81800ece6d2f7a19cc75b6132e3",
      "requires": {
        "async": "2.6.0",
        "crypto-js": "3.1.9-1",
        "events": "1.1.1",
        "pomelo-protobuf": "0.4.0",
        "pomelo-protocol": "0.1.6",
        "rxjs-es": "5.0.0-beta.12",
        "ws": "1.1.5"
      }
    },
    "symbol-observable": {
      "version": "1.0.1",
      "resolved": "https://registry.npmjs.org/symbol-observable/-/symbol-observable-1.0.1.tgz",
      "integrity": "sha1-g0D8RwLDEi310iKI+IKD9RPT/dQ="
    },
    "ultron": {
      "version": "1.0.2",
      "resolved": "https://registry.npmjs.org/ultron/-/ultron-1.0.2.tgz",
      "integrity": "sha1-rOEWq1V80Zc4ak6I9GhTeMiy5Po="
    },
    "ws": {
      "version": "1.1.5",
      "resolved": "https://registry.npmjs.org/ws/-/ws-1.1.5.tgz",
      "integrity": "sha512-o3KqipXNUdS7wpQzBHSe180lBGO60SoK0yVo3CYJgb2MkobuWuBX6dhkYP5ORCLd55y+SaflMOV5fqAB53ux4w==",
      "requires": {
        "options": "0.0.6",
        "ultron": "1.0.2"
      }
    }
  }
}
